// !$*UTF8*$!
{
	archiveVersion = 1;
	classes = {
	};
	objectVersion = 56;
	objects = {

/* Begin PBXBuildFile section */
		5B0161A02A794A1F00CD96C8 /* Colors.swift in Sources */ = {isa = PBXBuildFile; fileRef = 5B01619F2A794A1F00CD96C8 /* Colors.swift */; };
		5B0161A12A794A1F00CD96C8 /* Colors.swift in Sources */ = {isa = PBXBuildFile; fileRef = 5B01619F2A794A1F00CD96C8 /* Colors.swift */; };
		5B0161A32A794A4000CD96C8 /* Symbols.swift in Sources */ = {isa = PBXBuildFile; fileRef = 5B0161A22A794A4000CD96C8 /* Symbols.swift */; };
		5B0161A42A794A4000CD96C8 /* Symbols.swift in Sources */ = {isa = PBXBuildFile; fileRef = 5B0161A22A794A4000CD96C8 /* Symbols.swift */; };
		5B04C3A02A71FB0300B89F0C /* ScoreboardView.swift in Sources */ = {isa = PBXBuildFile; fileRef = 5B04C39F2A71FB0300B89F0C /* ScoreboardView.swift */; };
		5B04C3A42A71FB3F00B89F0C /* SingleBoardView.swift in Sources */ = {isa = PBXBuildFile; fileRef = 5B04C3A32A71FB3F00B89F0C /* SingleBoardView.swift */; };
		5B04C3A62A7203AB00B89F0C /* ScoreModel.swift in Sources */ = {isa = PBXBuildFile; fileRef = 5B04C3A52A7203AB00B89F0C /* ScoreModel.swift */; };
		5B04C3A82A720F3B00B89F0C /* Score.swift in Sources */ = {isa = PBXBuildFile; fileRef = 5B04C3A72A720F3B00B89F0C /* Score.swift */; };
		5B04C3AA2A720F4500B89F0C /* Set.swift in Sources */ = {isa = PBXBuildFile; fileRef = 5B04C3A92A720F4500B89F0C /* Set.swift */; };
		5BA4F5C52A7743BB006B9131 /* PlayResultView.swift in Sources */ = {isa = PBXBuildFile; fileRef = 5BA4F5C42A7743BB006B9131 /* PlayResultView.swift */; };
		5BA4F5D02A775A6A006B9131 /* GameHeader.swift in Sources */ = {isa = PBXBuildFile; fileRef = 5BA4F5CF2A775A6A006B9131 /* GameHeader.swift */; };
		BF0042E52A79DFCA0009C7EA /* Constants.swift in Sources */ = {isa = PBXBuildFile; fileRef = BF0042E42A79DFCA0009C7EA /* Constants.swift */; };
		BF0042E62A79DFCA0009C7EA /* Constants.swift in Sources */ = {isa = PBXBuildFile; fileRef = BF0042E42A79DFCA0009C7EA /* Constants.swift */; };
		BF833BBF2A74BD6300F17B33 /* ScoreViewModel.swift in Sources */ = {isa = PBXBuildFile; fileRef = BF833BBE2A74BD6300F17B33 /* ScoreViewModel.swift */; };
		BF833BC42A74BE6400F17B33 /* ScoreViewModel.swift in Sources */ = {isa = PBXBuildFile; fileRef = BF833BC32A74BE6400F17B33 /* ScoreViewModel.swift */; };
		BFA69ACC2A735877007DC6B9 /* CoinTossView.swift in Sources */ = {isa = PBXBuildFile; fileRef = BFA69ACB2A735876007DC6B9 /* CoinTossView.swift */; };
		BFCDD1AF2A75472E00A94198 /* StartView.swift in Sources */ = {isa = PBXBuildFile; fileRef = BFCDD1AE2A75472E00A94198 /* StartView.swift */; };
		BFCDD1B42A75481500A94198 /* SF-Pro-Text-Semibold.otf in Resources */ = {isa = PBXBuildFile; fileRef = BFCDD1B22A75481500A94198 /* SF-Pro-Text-Semibold.otf */; };
		BFCDD1B52A75481500A94198 /* SF-Compact-Rounded-Semibold.otf in Resources */ = {isa = PBXBuildFile; fileRef = BFCDD1B32A75481500A94198 /* SF-Compact-Rounded-Semibold.otf */; };
		BFCDD1B92A754AC900A94198 /* StartView.swift in Sources */ = {isa = PBXBuildFile; fileRef = BFCDD1B82A754AC900A94198 /* StartView.swift */; };
		BFCDD1BD2A754C3C00A94198 /* SF-Compact-Rounded-Semibold.otf in Resources */ = {isa = PBXBuildFile; fileRef = BFCDD1BB2A754C3C00A94198 /* SF-Compact-Rounded-Semibold.otf */; };
		BFCDD1BE2A754C3C00A94198 /* SF-Pro-Text-Semibold.otf in Resources */ = {isa = PBXBuildFile; fileRef = BFCDD1BC2A754C3C00A94198 /* SF-Pro-Text-Semibold.otf */; };
		F13E15092A76C1D200C876AB /* PlayResultView.swift in Sources */ = {isa = PBXBuildFile; fileRef = F13E15082A76C1D200C876AB /* PlayResultView.swift */; };
		F13E150B2A76D16200C876AB /* CoinResultView.swift in Sources */ = {isa = PBXBuildFile; fileRef = F13E150A2A76D16200C876AB /* CoinResultView.swift */; };
		F14B3CB62A77894300A2DD2B /* CoinTossView.swift in Sources */ = {isa = PBXBuildFile; fileRef = F14B3CB52A77894300A2DD2B /* CoinTossView.swift */; };
		F14B3CB82A778B4D00A2DD2B /* CoinResultView.swift in Sources */ = {isa = PBXBuildFile; fileRef = F14B3CB72A778B4D00A2DD2B /* CoinResultView.swift */; };
		F194F5682A6D16F500D94EC8 /* TableTennisApp.swift in Sources */ = {isa = PBXBuildFile; fileRef = F194F5672A6D16F500D94EC8 /* TableTennisApp.swift */; };
		F194F56A2A6D16F500D94EC8 /* ScoreView.swift in Sources */ = {isa = PBXBuildFile; fileRef = F194F5692A6D16F500D94EC8 /* ScoreView.swift */; };
		F194F56C2A6D16F600D94EC8 /* Assets.xcassets in Resources */ = {isa = PBXBuildFile; fileRef = F194F56B2A6D16F600D94EC8 /* Assets.xcassets */; };
		F194F56F2A6D16F600D94EC8 /* Preview Assets.xcassets in Resources */ = {isa = PBXBuildFile; fileRef = F194F56E2A6D16F600D94EC8 /* Preview Assets.xcassets */; };
		F194F57C2A6D187100D94EC8 /* TableTennisWatchApp.swift in Sources */ = {isa = PBXBuildFile; fileRef = F194F57B2A6D187100D94EC8 /* TableTennisWatchApp.swift */; };
		F194F57E2A6D187100D94EC8 /* ScoreView.swift in Sources */ = {isa = PBXBuildFile; fileRef = F194F57D2A6D187100D94EC8 /* ScoreView.swift */; };
		F194F5802A6D187200D94EC8 /* Assets.xcassets in Resources */ = {isa = PBXBuildFile; fileRef = F194F57F2A6D187200D94EC8 /* Assets.xcassets */; };
		F194F5832A6D187200D94EC8 /* Preview Assets.xcassets in Resources */ = {isa = PBXBuildFile; fileRef = F194F5822A6D187200D94EC8 /* Preview Assets.xcassets */; };
		F194F5862A6D187200D94EC8 /* TableTennisWatch Watch App.app in Embed Watch Content */ = {isa = PBXBuildFile; fileRef = F194F5792A6D187100D94EC8 /* TableTennisWatch Watch App.app */; settings = {ATTRIBUTES = (RemoveHeadersOnCopy, ); }; };
		F1EF1AEE2A70CA120084E728 /* RestartView.swift in Sources */ = {isa = PBXBuildFile; fileRef = F1EF1AED2A70CA120084E728 /* RestartView.swift */; };
		FFA10C022A7781B60056B16A /* PageState.swift in Sources */ = {isa = PBXBuildFile; fileRef = FFA10C012A7781B60056B16A /* PageState.swift */; };
		FFA10C042A7782040056B16A /* ContentView.swift in Sources */ = {isa = PBXBuildFile; fileRef = FFA10C032A7782040056B16A /* ContentView.swift */; };
/* End PBXBuildFile section */

/* Begin PBXContainerItemProxy section */
		F194F5842A6D187200D94EC8 /* PBXContainerItemProxy */ = {
			isa = PBXContainerItemProxy;
			containerPortal = F194F55C2A6D16F500D94EC8 /* Project object */;
			proxyType = 1;
			remoteGlobalIDString = F194F5782A6D187100D94EC8;
			remoteInfo = "TableTennisWatch Watch App";
		};
/* End PBXContainerItemProxy section */

/* Begin PBXCopyFilesBuildPhase section */
		F194F58A2A6D187200D94EC8 /* Embed Watch Content */ = {
			isa = PBXCopyFilesBuildPhase;
			buildActionMask = 2147483647;
			dstPath = "$(CONTENTS_FOLDER_PATH)/Watch";
			dstSubfolderSpec = 16;
			files = (
				F194F5862A6D187200D94EC8 /* TableTennisWatch Watch App.app in Embed Watch Content */,
			);
			name = "Embed Watch Content";
			runOnlyForDeploymentPostprocessing = 0;
		};
/* End PBXCopyFilesBuildPhase section */

/* Begin PBXFileReference section */
		5B01619F2A794A1F00CD96C8 /* Colors.swift */ = {isa = PBXFileReference; lastKnownFileType = sourcecode.swift; path = Colors.swift; sourceTree = "<group>"; };
		5B0161A22A794A4000CD96C8 /* Symbols.swift */ = {isa = PBXFileReference; lastKnownFileType = sourcecode.swift; path = Symbols.swift; sourceTree = "<group>"; };
		5B04C39F2A71FB0300B89F0C /* ScoreboardView.swift */ = {isa = PBXFileReference; lastKnownFileType = sourcecode.swift; path = ScoreboardView.swift; sourceTree = "<group>"; };
		5B04C3A32A71FB3F00B89F0C /* SingleBoardView.swift */ = {isa = PBXFileReference; lastKnownFileType = sourcecode.swift; path = SingleBoardView.swift; sourceTree = "<group>"; };
		5B04C3A52A7203AB00B89F0C /* ScoreModel.swift */ = {isa = PBXFileReference; lastKnownFileType = sourcecode.swift; path = ScoreModel.swift; sourceTree = "<group>"; };
		5B04C3A72A720F3B00B89F0C /* Score.swift */ = {isa = PBXFileReference; lastKnownFileType = sourcecode.swift; path = Score.swift; sourceTree = "<group>"; };
		5B04C3A92A720F4500B89F0C /* Set.swift */ = {isa = PBXFileReference; lastKnownFileType = sourcecode.swift; path = Set.swift; sourceTree = "<group>"; };
		5BA4F5C42A7743BB006B9131 /* PlayResultView.swift */ = {isa = PBXFileReference; lastKnownFileType = sourcecode.swift; path = PlayResultView.swift; sourceTree = "<group>"; };
		5BA4F5CF2A775A6A006B9131 /* GameHeader.swift */ = {isa = PBXFileReference; lastKnownFileType = sourcecode.swift; path = GameHeader.swift; sourceTree = "<group>"; };
		BF0042E42A79DFCA0009C7EA /* Constants.swift */ = {isa = PBXFileReference; lastKnownFileType = sourcecode.swift; path = Constants.swift; sourceTree = "<group>"; };
		BF833BBE2A74BD6300F17B33 /* ScoreViewModel.swift */ = {isa = PBXFileReference; lastKnownFileType = sourcecode.swift; path = ScoreViewModel.swift; sourceTree = "<group>"; };
		BF833BC32A74BE6400F17B33 /* ScoreViewModel.swift */ = {isa = PBXFileReference; lastKnownFileType = sourcecode.swift; path = ScoreViewModel.swift; sourceTree = "<group>"; };
		BFA69ACB2A735876007DC6B9 /* CoinTossView.swift */ = {isa = PBXFileReference; lastKnownFileType = sourcecode.swift; path = CoinTossView.swift; sourceTree = "<group>"; };
		BFCDD1AE2A75472E00A94198 /* StartView.swift */ = {isa = PBXFileReference; lastKnownFileType = sourcecode.swift; path = StartView.swift; sourceTree = "<group>"; };
		BFCDD1B02A7547FC00A94198 /* Info.plist */ = {isa = PBXFileReference; lastKnownFileType = text.plist; path = Info.plist; sourceTree = "<group>"; };
		BFCDD1B22A75481500A94198 /* SF-Pro-Text-Semibold.otf */ = {isa = PBXFileReference; lastKnownFileType = file; path = "SF-Pro-Text-Semibold.otf"; sourceTree = "<group>"; };
		BFCDD1B32A75481500A94198 /* SF-Compact-Rounded-Semibold.otf */ = {isa = PBXFileReference; lastKnownFileType = file; path = "SF-Compact-Rounded-Semibold.otf"; sourceTree = "<group>"; };
		BFCDD1B82A754AC900A94198 /* StartView.swift */ = {isa = PBXFileReference; lastKnownFileType = sourcecode.swift; path = StartView.swift; sourceTree = "<group>"; };
		BFCDD1BB2A754C3C00A94198 /* SF-Compact-Rounded-Semibold.otf */ = {isa = PBXFileReference; lastKnownFileType = file; path = "SF-Compact-Rounded-Semibold.otf"; sourceTree = "<group>"; };
		BFCDD1BC2A754C3C00A94198 /* SF-Pro-Text-Semibold.otf */ = {isa = PBXFileReference; lastKnownFileType = file; path = "SF-Pro-Text-Semibold.otf"; sourceTree = "<group>"; };
		BFCDD1BF2A754C5500A94198 /* TableTennisWatch-Watch-App-Info.plist */ = {isa = PBXFileReference; lastKnownFileType = text.plist; path = "TableTennisWatch-Watch-App-Info.plist"; sourceTree = SOURCE_ROOT; };
		F13E15082A76C1D200C876AB /* PlayResultView.swift */ = {isa = PBXFileReference; lastKnownFileType = sourcecode.swift; path = PlayResultView.swift; sourceTree = "<group>"; };
		F13E150A2A76D16200C876AB /* CoinResultView.swift */ = {isa = PBXFileReference; lastKnownFileType = sourcecode.swift; path = CoinResultView.swift; sourceTree = "<group>"; };
		F14B3CB52A77894300A2DD2B /* CoinTossView.swift */ = {isa = PBXFileReference; lastKnownFileType = sourcecode.swift; path = CoinTossView.swift; sourceTree = "<group>"; };
		F14B3CB72A778B4D00A2DD2B /* CoinResultView.swift */ = {isa = PBXFileReference; lastKnownFileType = sourcecode.swift; path = CoinResultView.swift; sourceTree = "<group>"; };
		F194F5642A6D16F500D94EC8 /* TableTennis.app */ = {isa = PBXFileReference; explicitFileType = wrapper.application; includeInIndex = 0; path = TableTennis.app; sourceTree = BUILT_PRODUCTS_DIR; };
		F194F5672A6D16F500D94EC8 /* TableTennisApp.swift */ = {isa = PBXFileReference; lastKnownFileType = sourcecode.swift; path = TableTennisApp.swift; sourceTree = "<group>"; };
		F194F5692A6D16F500D94EC8 /* ScoreView.swift */ = {isa = PBXFileReference; lastKnownFileType = sourcecode.swift; path = ScoreView.swift; sourceTree = "<group>"; };
		F194F56B2A6D16F600D94EC8 /* Assets.xcassets */ = {isa = PBXFileReference; lastKnownFileType = folder.assetcatalog; path = Assets.xcassets; sourceTree = "<group>"; };
		F194F56E2A6D16F600D94EC8 /* Preview Assets.xcassets */ = {isa = PBXFileReference; lastKnownFileType = folder.assetcatalog; path = "Preview Assets.xcassets"; sourceTree = "<group>"; };
		F194F5792A6D187100D94EC8 /* TableTennisWatch Watch App.app */ = {isa = PBXFileReference; explicitFileType = wrapper.application; includeInIndex = 0; path = "TableTennisWatch Watch App.app"; sourceTree = BUILT_PRODUCTS_DIR; };
		F194F57B2A6D187100D94EC8 /* TableTennisWatchApp.swift */ = {isa = PBXFileReference; lastKnownFileType = sourcecode.swift; path = TableTennisWatchApp.swift; sourceTree = "<group>"; };
		F194F57D2A6D187100D94EC8 /* ScoreView.swift */ = {isa = PBXFileReference; lastKnownFileType = sourcecode.swift; path = ScoreView.swift; sourceTree = "<group>"; };
		F194F57F2A6D187200D94EC8 /* Assets.xcassets */ = {isa = PBXFileReference; lastKnownFileType = folder.assetcatalog; path = Assets.xcassets; sourceTree = "<group>"; };
		F194F5822A6D187200D94EC8 /* Preview Assets.xcassets */ = {isa = PBXFileReference; lastKnownFileType = folder.assetcatalog; path = "Preview Assets.xcassets"; sourceTree = "<group>"; };
		F1EF1AED2A70CA120084E728 /* RestartView.swift */ = {isa = PBXFileReference; lastKnownFileType = sourcecode.swift; path = RestartView.swift; sourceTree = "<group>"; };
		FFA10C012A7781B60056B16A /* PageState.swift */ = {isa = PBXFileReference; lastKnownFileType = sourcecode.swift; path = PageState.swift; sourceTree = "<group>"; };
		FFA10C032A7782040056B16A /* ContentView.swift */ = {isa = PBXFileReference; lastKnownFileType = sourcecode.swift; path = ContentView.swift; sourceTree = "<group>"; };
/* End PBXFileReference section */

/* Begin PBXFrameworksBuildPhase section */
		F194F5612A6D16F500D94EC8 /* Frameworks */ = {
			isa = PBXFrameworksBuildPhase;
			buildActionMask = 2147483647;
			files = (
			);
			runOnlyForDeploymentPostprocessing = 0;
		};
		F194F5762A6D187100D94EC8 /* Frameworks */ = {
			isa = PBXFrameworksBuildPhase;
			buildActionMask = 2147483647;
			files = (
			);
			runOnlyForDeploymentPostprocessing = 0;
		};
/* End PBXFrameworksBuildPhase section */

/* Begin PBXGroup section */
		5BA4F5CE2A775A50006B9131 /* Components */ = {
			isa = PBXGroup;
			children = (
				5BA4F5CF2A775A6A006B9131 /* GameHeader.swift */,
			);
			path = Components;
			sourceTree = "<group>";
		};
		BF833BBA2A74B77200F17B33 /* Views */ = {
			isa = PBXGroup;
			children = (
				BFCDD1AE2A75472E00A94198 /* StartView.swift */,
				F14B3CB52A77894300A2DD2B /* CoinTossView.swift */,
				F14B3CB72A778B4D00A2DD2B /* CoinResultView.swift */,
				F194F5692A6D16F500D94EC8 /* ScoreView.swift */,
				5BA4F5C42A7743BB006B9131 /* PlayResultView.swift */,
				BF833BBC2A74BD1E00F17B33 /* NY */,
				FFA10C032A7782040056B16A /* ContentView.swift */,
			);
			path = Views;
			sourceTree = "<group>";
		};
		BF833BBC2A74BD1E00F17B33 /* NY */ = {
			isa = PBXGroup;
			children = (
				5B04C39F2A71FB0300B89F0C /* ScoreboardView.swift */,
				5B04C3A52A7203AB00B89F0C /* ScoreModel.swift */,
				5B04C3A32A71FB3F00B89F0C /* SingleBoardView.swift */,
				5B04C3A72A720F3B00B89F0C /* Score.swift */,
				5B04C3A92A720F4500B89F0C /* Set.swift */,
			);
			path = NY;
			sourceTree = "<group>";
		};
		BF833BBD2A74BD4100F17B33 /* ViewModels */ = {
			isa = PBXGroup;
			children = (
				BF833BBE2A74BD6300F17B33 /* ScoreViewModel.swift */,
				FFA10C012A7781B60056B16A /* PageState.swift */,
			);
			path = ViewModels;
			sourceTree = "<group>";
		};
		BF833BC02A74BD9500F17B33 /* Views */ = {
			isa = PBXGroup;
			children = (
				BFCDD1B82A754AC900A94198 /* StartView.swift */,
				BFA69ACB2A735876007DC6B9 /* CoinTossView.swift */,
				F13E150A2A76D16200C876AB /* CoinResultView.swift */,
				F194F57D2A6D187100D94EC8 /* ScoreView.swift */,
				F1EF1AED2A70CA120084E728 /* RestartView.swift */,
				F13E15082A76C1D200C876AB /* PlayResultView.swift */,
			);
			path = Views;
			sourceTree = "<group>";
		};
		BF833BC12A74BD9D00F17B33 /* ViewModels */ = {
			isa = PBXGroup;
			children = (
				BF833BC32A74BE6400F17B33 /* ScoreViewModel.swift */,
			);
			path = ViewModels;
			sourceTree = "<group>";
		};
		BF833BC52A74BEB000F17B33 /* Resources */ = {
			isa = PBXGroup;
			children = (
				F194F56B2A6D16F600D94EC8 /* Assets.xcassets */,
				F194F56D2A6D16F600D94EC8 /* Preview Content */,
				BFCDD1B12A75480100A94198 /* Fonts */,
			);
			path = Resources;
			sourceTree = "<group>";
		};
		BF833BC62A74BECB00F17B33 /* Resources */ = {
			isa = PBXGroup;
			children = (
				F194F57F2A6D187200D94EC8 /* Assets.xcassets */,
				F194F5812A6D187200D94EC8 /* Preview Content */,
				BFCDD1BA2A754C2A00A94198 /* Fonts */,
			);
			path = Resources;
			sourceTree = "<group>";
		};
		BFCDD1B12A75480100A94198 /* Fonts */ = {
			isa = PBXGroup;
			children = (
				BFCDD1B32A75481500A94198 /* SF-Compact-Rounded-Semibold.otf */,
				BFCDD1B22A75481500A94198 /* SF-Pro-Text-Semibold.otf */,
			);
			path = Fonts;
			sourceTree = "<group>";
		};
		BFCDD1BA2A754C2A00A94198 /* Fonts */ = {
			isa = PBXGroup;
			children = (
				BFCDD1BB2A754C3C00A94198 /* SF-Compact-Rounded-Semibold.otf */,
				BFCDD1BC2A754C3C00A94198 /* SF-Pro-Text-Semibold.otf */,
			);
			path = Fonts;
			sourceTree = "<group>";
		};
		F194F55B2A6D16F500D94EC8 = {
			isa = PBXGroup;
			children = (
				5B01619F2A794A1F00CD96C8 /* Colors.swift */,
				5B0161A22A794A4000CD96C8 /* Symbols.swift */,
				BF0042E42A79DFCA0009C7EA /* Constants.swift */,
				F194F5662A6D16F500D94EC8 /* TableTennis */,
				F194F57A2A6D187100D94EC8 /* TableTennisWatch Watch App */,
				F194F5652A6D16F500D94EC8 /* Products */,
			);
			sourceTree = "<group>";
		};
		F194F5652A6D16F500D94EC8 /* Products */ = {
			isa = PBXGroup;
			children = (
				F194F5642A6D16F500D94EC8 /* TableTennis.app */,
				F194F5792A6D187100D94EC8 /* TableTennisWatch Watch App.app */,
			);
			name = Products;
			sourceTree = "<group>";
		};
		F194F5662A6D16F500D94EC8 /* TableTennis */ = {
			isa = PBXGroup;
			children = (
				BFCDD1B02A7547FC00A94198 /* Info.plist */,
				F194F5672A6D16F500D94EC8 /* TableTennisApp.swift */,
				5BA4F5CE2A775A50006B9131 /* Components */,
				BF833BBA2A74B77200F17B33 /* Views */,
				BF833BBD2A74BD4100F17B33 /* ViewModels */,
				BF833BC52A74BEB000F17B33 /* Resources */,
			);
			path = TableTennis;
			sourceTree = "<group>";
		};
		F194F56D2A6D16F600D94EC8 /* Preview Content */ = {
			isa = PBXGroup;
			children = (
				F194F56E2A6D16F600D94EC8 /* Preview Assets.xcassets */,
			);
			path = "Preview Content";
			sourceTree = "<group>";
		};
		F194F57A2A6D187100D94EC8 /* TableTennisWatch Watch App */ = {
			isa = PBXGroup;
			children = (
				BFCDD1BF2A754C5500A94198 /* TableTennisWatch-Watch-App-Info.plist */,
				F194F57B2A6D187100D94EC8 /* TableTennisWatchApp.swift */,
				BF833BC02A74BD9500F17B33 /* Views */,
				BF833BC12A74BD9D00F17B33 /* ViewModels */,
				BF833BC62A74BECB00F17B33 /* Resources */,
			);
			path = "TableTennisWatch Watch App";
			sourceTree = "<group>";
		};
		F194F5812A6D187200D94EC8 /* Preview Content */ = {
			isa = PBXGroup;
			children = (
				F194F5822A6D187200D94EC8 /* Preview Assets.xcassets */,
			);
			path = "Preview Content";
			sourceTree = "<group>";
		};
/* End PBXGroup section */

/* Begin PBXNativeTarget section */
		F194F5632A6D16F500D94EC8 /* TableTennis */ = {
			isa = PBXNativeTarget;
			buildConfigurationList = F194F5722A6D16F600D94EC8 /* Build configuration list for PBXNativeTarget "TableTennis" */;
			buildPhases = (
				F194F5602A6D16F500D94EC8 /* Sources */,
				F194F5612A6D16F500D94EC8 /* Frameworks */,
				F194F5622A6D16F500D94EC8 /* Resources */,
				F194F58A2A6D187200D94EC8 /* Embed Watch Content */,
			);
			buildRules = (
			);
			dependencies = (
				F194F5852A6D187200D94EC8 /* PBXTargetDependency */,
			);
			name = TableTennis;
			packageProductDependencies = (
			);
			productName = TableTennis;
			productReference = F194F5642A6D16F500D94EC8 /* TableTennis.app */;
			productType = "com.apple.product-type.application";
		};
		F194F5782A6D187100D94EC8 /* TableTennisWatch Watch App */ = {
			isa = PBXNativeTarget;
			buildConfigurationList = F194F5872A6D187200D94EC8 /* Build configuration list for PBXNativeTarget "TableTennisWatch Watch App" */;
			buildPhases = (
				F194F5752A6D187100D94EC8 /* Sources */,
				F194F5762A6D187100D94EC8 /* Frameworks */,
				F194F5772A6D187100D94EC8 /* Resources */,
			);
			buildRules = (
			);
			dependencies = (
			);
			name = "TableTennisWatch Watch App";
			productName = "TableTennisWatch Watch App";
			productReference = F194F5792A6D187100D94EC8 /* TableTennisWatch Watch App.app */;
			productType = "com.apple.product-type.application";
		};
/* End PBXNativeTarget section */

/* Begin PBXProject section */
		F194F55C2A6D16F500D94EC8 /* Project object */ = {
			isa = PBXProject;
			attributes = {
				BuildIndependentTargetsInParallel = 1;
				LastSwiftUpdateCheck = 1430;
				LastUpgradeCheck = 1430;
				TargetAttributes = {
					F194F5632A6D16F500D94EC8 = {
						CreatedOnToolsVersion = 14.3;
					};
					F194F5782A6D187100D94EC8 = {
						CreatedOnToolsVersion = 14.3;
					};
				};
			};
			buildConfigurationList = F194F55F2A6D16F500D94EC8 /* Build configuration list for PBXProject "TableTennis" */;
			compatibilityVersion = "Xcode 14.0";
			developmentRegion = en;
			hasScannedForEncodings = 0;
			knownRegions = (
				en,
				Base,
			);
			mainGroup = F194F55B2A6D16F500D94EC8;
			packageReferences = (
			);
			productRefGroup = F194F5652A6D16F500D94EC8 /* Products */;
			projectDirPath = "";
			projectRoot = "";
			targets = (
				F194F5632A6D16F500D94EC8 /* TableTennis */,
				F194F5782A6D187100D94EC8 /* TableTennisWatch Watch App */,
			);
		};
/* End PBXProject section */

/* Begin PBXResourcesBuildPhase section */
		F194F5622A6D16F500D94EC8 /* Resources */ = {
			isa = PBXResourcesBuildPhase;
			buildActionMask = 2147483647;
			files = (
				BFCDD1B42A75481500A94198 /* SF-Pro-Text-Semibold.otf in Resources */,
				BFCDD1B52A75481500A94198 /* SF-Compact-Rounded-Semibold.otf in Resources */,
				F194F56F2A6D16F600D94EC8 /* Preview Assets.xcassets in Resources */,
				F194F56C2A6D16F600D94EC8 /* Assets.xcassets in Resources */,
			);
			runOnlyForDeploymentPostprocessing = 0;
		};
		F194F5772A6D187100D94EC8 /* Resources */ = {
			isa = PBXResourcesBuildPhase;
			buildActionMask = 2147483647;
			files = (
				BFCDD1BE2A754C3C00A94198 /* SF-Pro-Text-Semibold.otf in Resources */,
				BFCDD1BD2A754C3C00A94198 /* SF-Compact-Rounded-Semibold.otf in Resources */,
				F194F5832A6D187200D94EC8 /* Preview Assets.xcassets in Resources */,
				F194F5802A6D187200D94EC8 /* Assets.xcassets in Resources */,
			);
			runOnlyForDeploymentPostprocessing = 0;
		};
/* End PBXResourcesBuildPhase section */

/* Begin PBXSourcesBuildPhase section */
		F194F5602A6D16F500D94EC8 /* Sources */ = {
			isa = PBXSourcesBuildPhase;
			buildActionMask = 2147483647;
			files = (
				F14B3CB82A778B4D00A2DD2B /* CoinResultView.swift in Sources */,
				FFA10C022A7781B60056B16A /* PageState.swift in Sources */,
				BFCDD1AF2A75472E00A94198 /* StartView.swift in Sources */,
				5B0161A02A794A1F00CD96C8 /* Colors.swift in Sources */,
				5B0161A32A794A4000CD96C8 /* Symbols.swift in Sources */,
				BF833BBF2A74BD6300F17B33 /* ScoreViewModel.swift in Sources */,
				5B04C3A62A7203AB00B89F0C /* ScoreModel.swift in Sources */,
				F14B3CB62A77894300A2DD2B /* CoinTossView.swift in Sources */,
				5BA4F5C52A7743BB006B9131 /* PlayResultView.swift in Sources */,
				F194F56A2A6D16F500D94EC8 /* ScoreView.swift in Sources */,
				5BA4F5D02A775A6A006B9131 /* GameHeader.swift in Sources */,
				5B04C3AA2A720F4500B89F0C /* Set.swift in Sources */,
				5B04C3A42A71FB3F00B89F0C /* SingleBoardView.swift in Sources */,
				5B04C3A02A71FB0300B89F0C /* ScoreboardView.swift in Sources */,
				FFA10C042A7782040056B16A /* ContentView.swift in Sources */,
				F194F5682A6D16F500D94EC8 /* TableTennisApp.swift in Sources */,
				5B04C3A82A720F3B00B89F0C /* Score.swift in Sources */,
				BF0042E52A79DFCA0009C7EA /* Constants.swift in Sources */,
			);
			runOnlyForDeploymentPostprocessing = 0;
		};
		F194F5752A6D187100D94EC8 /* Sources */ = {
			isa = PBXSourcesBuildPhase;
			buildActionMask = 2147483647;
			files = (
				F1EF1AEE2A70CA120084E728 /* RestartView.swift in Sources */,
				BF0042E62A79DFCA0009C7EA /* Constants.swift in Sources */,
				5B0161A12A794A1F00CD96C8 /* Colors.swift in Sources */,
				F13E15092A76C1D200C876AB /* PlayResultView.swift in Sources */,
				F13E150B2A76D16200C876AB /* CoinResultView.swift in Sources */,
				BF833BC42A74BE6400F17B33 /* ScoreViewModel.swift in Sources */,
				5B0161A42A794A4000CD96C8 /* Symbols.swift in Sources */,
				F194F57E2A6D187100D94EC8 /* ScoreView.swift in Sources */,
				BFCDD1B92A754AC900A94198 /* StartView.swift in Sources */,
				BFA69ACC2A735877007DC6B9 /* CoinTossView.swift in Sources */,
				F194F57C2A6D187100D94EC8 /* TableTennisWatchApp.swift in Sources */,
			);
			runOnlyForDeploymentPostprocessing = 0;
		};
/* End PBXSourcesBuildPhase section */

/* Begin PBXTargetDependency section */
		F194F5852A6D187200D94EC8 /* PBXTargetDependency */ = {
			isa = PBXTargetDependency;
			target = F194F5782A6D187100D94EC8 /* TableTennisWatch Watch App */;
			targetProxy = F194F5842A6D187200D94EC8 /* PBXContainerItemProxy */;
		};
/* End PBXTargetDependency section */

/* Begin XCBuildConfiguration section */
		F194F5702A6D16F600D94EC8 /* Debug */ = {
			isa = XCBuildConfiguration;
			buildSettings = {
				ALWAYS_SEARCH_USER_PATHS = NO;
				CLANG_ANALYZER_NONNULL = YES;
				CLANG_ANALYZER_NUMBER_OBJECT_CONVERSION = YES_AGGRESSIVE;
				CLANG_CXX_LANGUAGE_STANDARD = "gnu++20";
				CLANG_ENABLE_MODULES = YES;
				CLANG_ENABLE_OBJC_ARC = YES;
				CLANG_ENABLE_OBJC_WEAK = YES;
				CLANG_WARN_BLOCK_CAPTURE_AUTORELEASING = YES;
				CLANG_WARN_BOOL_CONVERSION = YES;
				CLANG_WARN_COMMA = YES;
				CLANG_WARN_CONSTANT_CONVERSION = YES;
				CLANG_WARN_DEPRECATED_OBJC_IMPLEMENTATIONS = YES;
				CLANG_WARN_DIRECT_OBJC_ISA_USAGE = YES_ERROR;
				CLANG_WARN_DOCUMENTATION_COMMENTS = YES;
				CLANG_WARN_EMPTY_BODY = YES;
				CLANG_WARN_ENUM_CONVERSION = YES;
				CLANG_WARN_INFINITE_RECURSION = YES;
				CLANG_WARN_INT_CONVERSION = YES;
				CLANG_WARN_NON_LITERAL_NULL_CONVERSION = YES;
				CLANG_WARN_OBJC_IMPLICIT_RETAIN_SELF = YES;
				CLANG_WARN_OBJC_LITERAL_CONVERSION = YES;
				CLANG_WARN_OBJC_ROOT_CLASS = YES_ERROR;
				CLANG_WARN_QUOTED_INCLUDE_IN_FRAMEWORK_HEADER = YES;
				CLANG_WARN_RANGE_LOOP_ANALYSIS = YES;
				CLANG_WARN_STRICT_PROTOTYPES = YES;
				CLANG_WARN_SUSPICIOUS_MOVE = YES;
				CLANG_WARN_UNGUARDED_AVAILABILITY = YES_AGGRESSIVE;
				CLANG_WARN_UNREACHABLE_CODE = YES;
				CLANG_WARN__DUPLICATE_METHOD_MATCH = YES;
				COPY_PHASE_STRIP = NO;
				DEBUG_INFORMATION_FORMAT = dwarf;
				ENABLE_STRICT_OBJC_MSGSEND = YES;
				ENABLE_TESTABILITY = YES;
				GCC_C_LANGUAGE_STANDARD = gnu11;
				GCC_DYNAMIC_NO_PIC = NO;
				GCC_NO_COMMON_BLOCKS = YES;
				GCC_OPTIMIZATION_LEVEL = 0;
				GCC_PREPROCESSOR_DEFINITIONS = (
					"DEBUG=1",
					"$(inherited)",
				);
				GCC_WARN_64_TO_32_BIT_CONVERSION = YES;
				GCC_WARN_ABOUT_RETURN_TYPE = YES_ERROR;
				GCC_WARN_UNDECLARED_SELECTOR = YES;
				GCC_WARN_UNINITIALIZED_AUTOS = YES_AGGRESSIVE;
				GCC_WARN_UNUSED_FUNCTION = YES;
				GCC_WARN_UNUSED_VARIABLE = YES;
				IPHONEOS_DEPLOYMENT_TARGET = 16.4;
				MTL_ENABLE_DEBUG_INFO = INCLUDE_SOURCE;
				MTL_FAST_MATH = YES;
				ONLY_ACTIVE_ARCH = YES;
				SDKROOT = iphoneos;
				SWIFT_ACTIVE_COMPILATION_CONDITIONS = DEBUG;
				SWIFT_OPTIMIZATION_LEVEL = "-Onone";
			};
			name = Debug;
		};
		F194F5712A6D16F600D94EC8 /* Release */ = {
			isa = XCBuildConfiguration;
			buildSettings = {
				ALWAYS_SEARCH_USER_PATHS = NO;
				CLANG_ANALYZER_NONNULL = YES;
				CLANG_ANALYZER_NUMBER_OBJECT_CONVERSION = YES_AGGRESSIVE;
				CLANG_CXX_LANGUAGE_STANDARD = "gnu++20";
				CLANG_ENABLE_MODULES = YES;
				CLANG_ENABLE_OBJC_ARC = YES;
				CLANG_ENABLE_OBJC_WEAK = YES;
				CLANG_WARN_BLOCK_CAPTURE_AUTORELEASING = YES;
				CLANG_WARN_BOOL_CONVERSION = YES;
				CLANG_WARN_COMMA = YES;
				CLANG_WARN_CONSTANT_CONVERSION = YES;
				CLANG_WARN_DEPRECATED_OBJC_IMPLEMENTATIONS = YES;
				CLANG_WARN_DIRECT_OBJC_ISA_USAGE = YES_ERROR;
				CLANG_WARN_DOCUMENTATION_COMMENTS = YES;
				CLANG_WARN_EMPTY_BODY = YES;
				CLANG_WARN_ENUM_CONVERSION = YES;
				CLANG_WARN_INFINITE_RECURSION = YES;
				CLANG_WARN_INT_CONVERSION = YES;
				CLANG_WARN_NON_LITERAL_NULL_CONVERSION = YES;
				CLANG_WARN_OBJC_IMPLICIT_RETAIN_SELF = YES;
				CLANG_WARN_OBJC_LITERAL_CONVERSION = YES;
				CLANG_WARN_OBJC_ROOT_CLASS = YES_ERROR;
				CLANG_WARN_QUOTED_INCLUDE_IN_FRAMEWORK_HEADER = YES;
				CLANG_WARN_RANGE_LOOP_ANALYSIS = YES;
				CLANG_WARN_STRICT_PROTOTYPES = YES;
				CLANG_WARN_SUSPICIOUS_MOVE = YES;
				CLANG_WARN_UNGUARDED_AVAILABILITY = YES_AGGRESSIVE;
				CLANG_WARN_UNREACHABLE_CODE = YES;
				CLANG_WARN__DUPLICATE_METHOD_MATCH = YES;
				COPY_PHASE_STRIP = NO;
				DEBUG_INFORMATION_FORMAT = "dwarf-with-dsym";
				ENABLE_NS_ASSERTIONS = NO;
				ENABLE_STRICT_OBJC_MSGSEND = YES;
				GCC_C_LANGUAGE_STANDARD = gnu11;
				GCC_NO_COMMON_BLOCKS = YES;
				GCC_WARN_64_TO_32_BIT_CONVERSION = YES;
				GCC_WARN_ABOUT_RETURN_TYPE = YES_ERROR;
				GCC_WARN_UNDECLARED_SELECTOR = YES;
				GCC_WARN_UNINITIALIZED_AUTOS = YES_AGGRESSIVE;
				GCC_WARN_UNUSED_FUNCTION = YES;
				GCC_WARN_UNUSED_VARIABLE = YES;
				IPHONEOS_DEPLOYMENT_TARGET = 16.4;
				MTL_ENABLE_DEBUG_INFO = NO;
				MTL_FAST_MATH = YES;
				SDKROOT = iphoneos;
				SWIFT_COMPILATION_MODE = wholemodule;
				SWIFT_OPTIMIZATION_LEVEL = "-O";
				VALIDATE_PRODUCT = YES;
			};
			name = Release;
		};
		F194F5732A6D16F600D94EC8 /* Debug */ = {
			isa = XCBuildConfiguration;
			buildSettings = {
				ALWAYS_EMBED_SWIFT_STANDARD_LIBRARIES = YES;
				ASSETCATALOG_COMPILER_APPICON_NAME = AppIcon;
				ASSETCATALOG_COMPILER_GLOBAL_ACCENT_COLOR_NAME = AccentColor;
				CODE_SIGN_STYLE = Automatic;
				CURRENT_PROJECT_VERSION = 1;
				DEVELOPMENT_ASSET_PATHS = "\"TableTennis/Resources/Preview Content\"";
				DEVELOPMENT_TEAM = KRY967CND6;
				ENABLE_PREVIEWS = YES;
				GENERATE_INFOPLIST_FILE = YES;
				INFOPLIST_FILE = TableTennis/Info.plist;
				INFOPLIST_KEY_UIApplicationSceneManifest_Generation = YES;
				INFOPLIST_KEY_UIApplicationSupportsIndirectInputEvents = YES;
				INFOPLIST_KEY_UILaunchScreen_Generation = YES;
				INFOPLIST_KEY_UISupportedInterfaceOrientations = "UIInterfaceOrientationLandscapeLeft UIInterfaceOrientationLandscapeRight";
				IPHONEOS_DEPLOYMENT_TARGET = 16.2;
				LD_RUNPATH_SEARCH_PATHS = (
					"$(inherited)",
					"@executable_path/Frameworks",
				);
				MARKETING_VERSION = 1.0;
				PRODUCT_BUNDLE_IDENTIFIER = yisak.TableTennis;
				PRODUCT_NAME = "$(TARGET_NAME)";
				SUPPORTED_PLATFORMS = "iphoneos iphonesimulator";
				SUPPORTS_MACCATALYST = NO;
				SUPPORTS_MAC_DESIGNED_FOR_IPHONE_IPAD = NO;
				SWIFT_EMIT_LOC_STRINGS = YES;
				SWIFT_VERSION = 5.0;
				TARGETED_DEVICE_FAMILY = 1;
			};
			name = Debug;
		};
		F194F5742A6D16F600D94EC8 /* Release */ = {
			isa = XCBuildConfiguration;
			buildSettings = {
				ALWAYS_EMBED_SWIFT_STANDARD_LIBRARIES = YES;
				ASSETCATALOG_COMPILER_APPICON_NAME = AppIcon;
				ASSETCATALOG_COMPILER_GLOBAL_ACCENT_COLOR_NAME = AccentColor;
				CODE_SIGN_STYLE = Automatic;
				CURRENT_PROJECT_VERSION = 1;
				DEVELOPMENT_ASSET_PATHS = "\"TableTennis/Resources/Preview Content\"";
				DEVELOPMENT_TEAM = KRY967CND6;
				ENABLE_PREVIEWS = YES;
				GENERATE_INFOPLIST_FILE = YES;
				INFOPLIST_FILE = TableTennis/Info.plist;
				INFOPLIST_KEY_UIApplicationSceneManifest_Generation = YES;
				INFOPLIST_KEY_UIApplicationSupportsIndirectInputEvents = YES;
				INFOPLIST_KEY_UILaunchScreen_Generation = YES;
				INFOPLIST_KEY_UISupportedInterfaceOrientations = "UIInterfaceOrientationLandscapeLeft UIInterfaceOrientationLandscapeRight";
				IPHONEOS_DEPLOYMENT_TARGET = 16.2;
				LD_RUNPATH_SEARCH_PATHS = (
					"$(inherited)",
					"@executable_path/Frameworks",
				);
				MARKETING_VERSION = 1.0;
				PRODUCT_BUNDLE_IDENTIFIER = yisak.TableTennis;
				PRODUCT_NAME = "$(TARGET_NAME)";
				SUPPORTED_PLATFORMS = "iphoneos iphonesimulator";
				SUPPORTS_MACCATALYST = NO;
				SUPPORTS_MAC_DESIGNED_FOR_IPHONE_IPAD = NO;
				SWIFT_EMIT_LOC_STRINGS = YES;
				SWIFT_VERSION = 5.0;
				TARGETED_DEVICE_FAMILY = 1;
			};
			name = Release;
		};
		F194F5882A6D187200D94EC8 /* Debug */ = {
			isa = XCBuildConfiguration;
			buildSettings = {
				ASSETCATALOG_COMPILER_APPICON_NAME = AppIcon;
				ASSETCATALOG_COMPILER_GLOBAL_ACCENT_COLOR_NAME = AccentColor;
				CODE_SIGN_STYLE = Automatic;
				CURRENT_PROJECT_VERSION = 1;
				DEVELOPMENT_ASSET_PATHS = "\"TableTennisWatch Watch App/Resources/Preview Content\"";
				DEVELOPMENT_TEAM = KRY967CND6;
				ENABLE_PREVIEWS = YES;
				GENERATE_INFOPLIST_FILE = YES;
				INFOPLIST_FILE = "TableTennisWatch-Watch-App-Info.plist";
				INFOPLIST_KEY_CFBundleDisplayName = TableTennisWatch;
				INFOPLIST_KEY_UISupportedInterfaceOrientations = "UIInterfaceOrientationPortrait UIInterfaceOrientationPortraitUpsideDown";
				INFOPLIST_KEY_WKCompanionAppBundleIdentifier = yisak.TableTennis;
				LD_RUNPATH_SEARCH_PATHS = (
					"$(inherited)",
					"@executable_path/Frameworks",
				);
				MARKETING_VERSION = 1.0;
				PRODUCT_BUNDLE_IDENTIFIER = yisak.TableTennis.watchkitapp;
				PRODUCT_NAME = "$(TARGET_NAME)";
				SDKROOT = watchos;
				SKIP_INSTALL = YES;
				SWIFT_EMIT_LOC_STRINGS = YES;
				SWIFT_VERSION = 5.0;
				TARGETED_DEVICE_FAMILY = 4;
				WATCHOS_DEPLOYMENT_TARGET = 9.1;
			};
			name = Debug;
		};
		F194F5892A6D187200D94EC8 /* Release */ = {
			isa = XCBuildConfiguration;
			buildSettings = {
				ASSETCATALOG_COMPILER_APPICON_NAME = AppIcon;
				ASSETCATALOG_COMPILER_GLOBAL_ACCENT_COLOR_NAME = AccentColor;
				CODE_SIGN_STYLE = Automatic;
				CURRENT_PROJECT_VERSION = 1;
				DEVELOPMENT_ASSET_PATHS = "\"TableTennisWatch Watch App/Resources/Preview Content\"";
				DEVELOPMENT_TEAM = KRY967CND6;
				ENABLE_PREVIEWS = YES;
				GENERATE_INFOPLIST_FILE = YES;
				INFOPLIST_FILE = "TableTennisWatch-Watch-App-Info.plist";
				INFOPLIST_KEY_CFBundleDisplayName = TableTennisWatch;
				INFOPLIST_KEY_UISupportedInterfaceOrientations = "UIInterfaceOrientationPortrait UIInterfaceOrientationPortraitUpsideDown";
				INFOPLIST_KEY_WKCompanionAppBundleIdentifier = yisak.TableTennis;
				LD_RUNPATH_SEARCH_PATHS = (
					"$(inherited)",
					"@executable_path/Frameworks",
				);
				MARKETING_VERSION = 1.0;
				PRODUCT_BUNDLE_IDENTIFIER = yisak.TableTennis.watchkitapp;
				PRODUCT_NAME = "$(TARGET_NAME)";
				SDKROOT = watchos;
				SKIP_INSTALL = YES;
				SWIFT_EMIT_LOC_STRINGS = YES;
				SWIFT_VERSION = 5.0;
				TARGETED_DEVICE_FAMILY = 4;
				WATCHOS_DEPLOYMENT_TARGET = 9.1;
			};
			name = Release;
		};
/* End XCBuildConfiguration section */

/* Begin XCConfigurationList section */
		F194F55F2A6D16F500D94EC8 /* Build configuration list for PBXProject "TableTennis" */ = {
			isa = XCConfigurationList;
			buildConfigurations = (
				F194F5702A6D16F600D94EC8 /* Debug */,
				F194F5712A6D16F600D94EC8 /* Release */,
			);
			defaultConfigurationIsVisible = 0;
			defaultConfigurationName = Release;
		};
		F194F5722A6D16F600D94EC8 /* Build configuration list for PBXNativeTarget "TableTennis" */ = {
			isa = XCConfigurationList;
			buildConfigurations = (
				F194F5732A6D16F600D94EC8 /* Debug */,
				F194F5742A6D16F600D94EC8 /* Release */,
			);
			defaultConfigurationIsVisible = 0;
			defaultConfigurationName = Release;
		};
		F194F5872A6D187200D94EC8 /* Build configuration list for PBXNativeTarget "TableTennisWatch Watch App" */ = {
			isa = XCConfigurationList;
			buildConfigurations = (
				F194F5882A6D187200D94EC8 /* Debug */,
				F194F5892A6D187200D94EC8 /* Release */,
			);
			defaultConfigurationIsVisible = 0;
			defaultConfigurationName = Release;
		};
/* End XCConfigurationList section */
	};
	rootObject = F194F55C2A6D16F500D94EC8 /* Project object */;
}
